Microsoft Visual Studio Solution File, Format Version 12.00
# Visual Studio Version 17
VisualStudioVersion = 17.5.2.0
MinimumVisualStudioVersion = 10.0.40219.1
Project("{FAE04EC0-301F-11D3-BF4B-00C04F79EFBC}") = "LaptopStoreApi", "LaptopStoreApi\LaptopStoreApi.csproj", "{FB275EFA-A904-4772-1E70-E368E9C887C6}"
EndProject
Global
	GlobalSection(SolutionConfigurationPlatforms) = preSolution
		Debug|Any CPU = Debug|Any CPU
		Release|Any CPU = Release|Any CPU
	EndGlobalSection
	GlobalSection(ProjectConfigurationPlatforms) = postSolution
		{FB275EFA-A904-4772-1E70-E368E9C887C6}.Debug|Any CPU.ActiveCfg = Debug|Any CPU
		{FB275EFA-A904-4772-1E70-E368E9C887C6}.Debug|Any CPU.Build.0 = Debug|Any CPU
		{FB275EFA-A904-4772-1E70-E368E9C887C6}.Release|Any CPU.ActiveCfg = Release|Any CPU
		{FB275EFA-A904-4772-1E70-E368E9C887C6}.Release|Any CPU.Build.0 = Release|Any CPU
	EndGlobalSection
	GlobalSection(SolutionProperties) = preSolution
		HideSolutionNode = FALSE
	EndGlobalSection
	GlobalSection(ExtensibilityGlobals) = postSolution
		SolutionGuid = {8A590B17-26EB-4A30-AE85-521E177B3A89}
	EndGlobalSection
EndGlobal
